{
  "name": "mdb5-free-standard",
  "version": "1.0.0",
  "lockfileVersion": 1,
  "requires": true,
  "dependencies": {
    "responsive-sketchpad": {
      "version": "1.2.2",
      "resolved": "https://registry.npmjs.org/responsive-sketchpad/-/responsive-sketchpad-1.2.2.tgz",
      "integrity": "sha512-Qli/n6D+7vcIlUy+2gB0qDGO5o7VVvq/SU8ftYWquS3nKb7QNez69SDPgvCzLIjgXQCD/9ezJkhCGeGSjflezw==",
      "dev": true
    }
  }
}
